
Microsoft Visual Studio Solution File, Format Version 12.00
# Visual Studio 15
VisualStudioVersion = 15.0.27703.2042
MinimumVisualStudioVersion = 10.0.40219.1
Project("{FAE04EC0-301F-11D3-BF4B-00C04F79EFBC}") = "Exercicio17CSharp", "Exercicio17CSharp\Exercicio17CSharp.csproj", "{8AF67B00-12AC-4BF7-8574-724E7F3713C9}"
EndProject
Global
	GlobalSection(SolutionConfigurationPlatforms) = preSolution
		Debug|Any CPU = Debug|Any CPU
		Release|Any CPU = Release|Any CPU
	EndGlobalSection
	GlobalSection(ProjectConfigurationPlatforms) = postSolution
		{8AF67B00-12AC-4BF7-8574-724E7F3713C9}.Debug|Any CPU.ActiveCfg = Debug|Any CPU
		{8AF67B00-12AC-4BF7-8574-724E7F3713C9}.Debug|Any CPU.Build.0 = Debug|Any CPU
		{8AF67B00-12AC-4BF7-8574-724E7F3713C9}.Release|Any CPU.ActiveCfg = Release|Any CPU
		{8AF67B00-12AC-4BF7-8574-724E7F3713C9}.Release|Any CPU.Build.0 = Release|Any CPU
	EndGlobalSection
	GlobalSection(SolutionProperties) = preSolution
		HideSolutionNode = FALSE
	EndGlobalSection
	GlobalSection(ExtensibilityGlobals) = postSolution
		SolutionGuid = {C9CD11E7-D9DF-4E75-BB38-A50B42F9F8F8}
	EndGlobalSection
EndGlobal
