
Microsoft Visual Studio Solution File, Format Version 12.00
# Visual Studio 15
VisualStudioVersion = 15.0.27703.2042
MinimumVisualStudioVersion = 10.0.40219.1
Project("{FAE04EC0-301F-11D3-BF4B-00C04F79EFBC}") = "Exercicio23CSharp", "Exercicio23CSharp\Exercicio23CSharp.csproj", "{B9869AF7-07E4-48EC-B37C-CF217D693DAA}"
EndProject
Global
	GlobalSection(SolutionConfigurationPlatforms) = preSolution
		Debug|Any CPU = Debug|Any CPU
		Release|Any CPU = Release|Any CPU
	EndGlobalSection
	GlobalSection(ProjectConfigurationPlatforms) = postSolution
		{B9869AF7-07E4-48EC-B37C-CF217D693DAA}.Debug|Any CPU.ActiveCfg = Debug|Any CPU
		{B9869AF7-07E4-48EC-B37C-CF217D693DAA}.Debug|Any CPU.Build.0 = Debug|Any CPU
		{B9869AF7-07E4-48EC-B37C-CF217D693DAA}.Release|Any CPU.ActiveCfg = Release|Any CPU
		{B9869AF7-07E4-48EC-B37C-CF217D693DAA}.Release|Any CPU.Build.0 = Release|Any CPU
	EndGlobalSection
	GlobalSection(SolutionProperties) = preSolution
		HideSolutionNode = FALSE
	EndGlobalSection
	GlobalSection(ExtensibilityGlobals) = postSolution
		SolutionGuid = {F36E7F33-DEBF-4F44-931C-2489B309917D}
	EndGlobalSection
EndGlobal
