
Microsoft Visual Studio Solution File, Format Version 12.00
# Visual Studio 15
VisualStudioVersion = 15.0.27703.2042
MinimumVisualStudioVersion = 10.0.40219.1
Project("{FAE04EC0-301F-11D3-BF4B-00C04F79EFBC}") = "Exercicio20CSharp", "Exercicio20CSharp\Exercicio20CSharp.csproj", "{F01B07C6-7E0C-463A-9BCD-88B6B8C2FD8D}"
EndProject
Global
	GlobalSection(SolutionConfigurationPlatforms) = preSolution
		Debug|Any CPU = Debug|Any CPU
		Release|Any CPU = Release|Any CPU
	EndGlobalSection
	GlobalSection(ProjectConfigurationPlatforms) = postSolution
		{F01B07C6-7E0C-463A-9BCD-88B6B8C2FD8D}.Debug|Any CPU.ActiveCfg = Debug|Any CPU
		{F01B07C6-7E0C-463A-9BCD-88B6B8C2FD8D}.Debug|Any CPU.Build.0 = Debug|Any CPU
		{F01B07C6-7E0C-463A-9BCD-88B6B8C2FD8D}.Release|Any CPU.ActiveCfg = Release|Any CPU
		{F01B07C6-7E0C-463A-9BCD-88B6B8C2FD8D}.Release|Any CPU.Build.0 = Release|Any CPU
	EndGlobalSection
	GlobalSection(SolutionProperties) = preSolution
		HideSolutionNode = FALSE
	EndGlobalSection
	GlobalSection(ExtensibilityGlobals) = postSolution
		SolutionGuid = {F246AF7E-1105-47C2-8FA4-D6D48CEDCCC5}
	EndGlobalSection
EndGlobal
