
Microsoft Visual Studio Solution File, Format Version 12.00
# Visual Studio 15
VisualStudioVersion = 15.0.27703.2042
MinimumVisualStudioVersion = 10.0.40219.1
Project("{FAE04EC0-301F-11D3-BF4B-00C04F79EFBC}") = "Exercicio5", "Exercicio5\Exercicio5.csproj", "{6CE40F77-8BE0-49C4-A9FB-9D43DF2CAF3A}"
EndProject
Global
	GlobalSection(SolutionConfigurationPlatforms) = preSolution
		Debug|Any CPU = Debug|Any CPU
		Release|Any CPU = Release|Any CPU
	EndGlobalSection
	GlobalSection(ProjectConfigurationPlatforms) = postSolution
		{6CE40F77-8BE0-49C4-A9FB-9D43DF2CAF3A}.Debug|Any CPU.ActiveCfg = Debug|Any CPU
		{6CE40F77-8BE0-49C4-A9FB-9D43DF2CAF3A}.Debug|Any CPU.Build.0 = Debug|Any CPU
		{6CE40F77-8BE0-49C4-A9FB-9D43DF2CAF3A}.Release|Any CPU.ActiveCfg = Release|Any CPU
		{6CE40F77-8BE0-49C4-A9FB-9D43DF2CAF3A}.Release|Any CPU.Build.0 = Release|Any CPU
	EndGlobalSection
	GlobalSection(SolutionProperties) = preSolution
		HideSolutionNode = FALSE
	EndGlobalSection
	GlobalSection(ExtensibilityGlobals) = postSolution
		SolutionGuid = {7FA20652-DB4E-437C-9525-5547E3F26216}
	EndGlobalSection
EndGlobal
