
Microsoft Visual Studio Solution File, Format Version 12.00
# Visual Studio 15
VisualStudioVersion = 15.0.27703.2042
MinimumVisualStudioVersion = 10.0.40219.1
Project("{FAE04EC0-301F-11D3-BF4B-00C04F79EFBC}") = "Exercicio21CSharp", "Exercicio21CSharp\Exercicio21CSharp.csproj", "{80A74242-552A-4E43-A57D-023AC463AC7B}"
EndProject
Global
	GlobalSection(SolutionConfigurationPlatforms) = preSolution
		Debug|Any CPU = Debug|Any CPU
		Release|Any CPU = Release|Any CPU
	EndGlobalSection
	GlobalSection(ProjectConfigurationPlatforms) = postSolution
		{80A74242-552A-4E43-A57D-023AC463AC7B}.Debug|Any CPU.ActiveCfg = Debug|Any CPU
		{80A74242-552A-4E43-A57D-023AC463AC7B}.Debug|Any CPU.Build.0 = Debug|Any CPU
		{80A74242-552A-4E43-A57D-023AC463AC7B}.Release|Any CPU.ActiveCfg = Release|Any CPU
		{80A74242-552A-4E43-A57D-023AC463AC7B}.Release|Any CPU.Build.0 = Release|Any CPU
	EndGlobalSection
	GlobalSection(SolutionProperties) = preSolution
		HideSolutionNode = FALSE
	EndGlobalSection
	GlobalSection(ExtensibilityGlobals) = postSolution
		SolutionGuid = {527BE8B6-B2A8-4132-83FD-536DD06C7D43}
	EndGlobalSection
EndGlobal
